<Solution>
  <Folder Name="/src/">
    <Project Path="src/GFlow.Application/GFlow.Application.csproj" />
    <Project Path="src/GFlow.Core/GFlow.Core.csproj" />
    <Project Path="src/GFlow.GitHub/GFlow.GitHub.csproj" />
    <Project Path="src/GFlow.Yaml/GFlow.Yaml.csproj" />
    <Project Path="src/GFlow/GFlow.csproj" />
  </Folder>
  <Folder Name="/tests/">
    <Project Path="tests/GFlow.UnitTests/GFlow.UnitTests.csproj" />
  </Folder>
</Solution>
